Microsoft Visual Studio Solution File, Format Version 12.00
# Visual Studio Version 17
VisualStudioVersion = 17.5.2.0
MinimumVisualStudioVersion = 10.0.40219.1
Project("{FAE04EC0-301F-11D3-BF4B-00C04F79EFBC}") = "CreditosApi", "CreditosApi\CreditosApi.csproj", "{7D389334-9EC2-A0C9-0407-BF922E79F24C}"
EndProject
Global
	GlobalSection(SolutionConfigurationPlatforms) = preSolution
		Debug|Any CPU = Debug|Any CPU
		Release|Any CPU = Release|Any CPU
	EndGlobalSection
	GlobalSection(ProjectConfigurationPlatforms) = postSolution
		{7D389334-9EC2-A0C9-0407-BF922E79F24C}.Debug|Any CPU.ActiveCfg = Debug|Any CPU
		{7D389334-9EC2-A0C9-0407-BF922E79F24C}.Debug|Any CPU.Build.0 = Debug|Any CPU
		{7D389334-9EC2-A0C9-0407-BF922E79F24C}.Release|Any CPU.ActiveCfg = Release|Any CPU
		{7D389334-9EC2-A0C9-0407-BF922E79F24C}.Release|Any CPU.Build.0 = Release|Any CPU
	EndGlobalSection
	GlobalSection(SolutionProperties) = preSolution
		HideSolutionNode = FALSE
	EndGlobalSection
	GlobalSection(ExtensibilityGlobals) = postSolution
		SolutionGuid = {64A1D50A-70CA-4617-B0FE-A83B83C80148}
	EndGlobalSection
EndGlobal
